
Microsoft Visual Studio Solution File, Format Version 12.00
# Visual Studio Version 17
VisualStudioVersion = 17.3.32825.248
MinimumVisualStudioVersion = 10.0.40219.1
Project("{8BC9CEB8-8B4A-11D0-8D11-00A0C91BC942}") = "SystemBuffer", "SystemBuffer\SystemBuffer.vcxproj", "{B0F26BF5-B4EC-4EBB-9404-32359FC81813}"
EndProject
Project("{8BC9CEB8-8B4A-11D0-8D11-00A0C91BC942}") = "1SystemBuffer", "1SystemBuffer\1SystemBuffer.vcxproj", "{F86F1C40-2BF5-42FC-8212-194161E7116A}"
EndProject
Project("{8BC9CEB8-8B4A-11D0-8D11-00A0C91BC942}") = "2SystemBuffer", "2SystemBuffer\2SystemBuffer.vcxproj", "{B56E3910-95BB-4527-9C4F-A7C74302085C}"
EndProject
Global
	GlobalSection(SolutionConfigurationPlatforms) = preSolution
		Debug|x64 = Debug|x64
		Debug|x86 = Debug|x86
		Release|x64 = Release|x64
		Release|x86 = Release|x86
	EndGlobalSection
	GlobalSection(ProjectConfigurationPlatforms) = postSolution
		{B0F26BF5-B4EC-4EBB-9404-32359FC81813}.Debug|x64.ActiveCfg = Debug|x64
		{B0F26BF5-B4EC-4EBB-9404-32359FC81813}.Debug|x64.Build.0 = Debug|x64
		{B0F26BF5-B4EC-4EBB-9404-32359FC81813}.Debug|x86.ActiveCfg = Debug|Win32
		{B0F26BF5-B4EC-4EBB-9404-32359FC81813}.Debug|x86.Build.0 = Debug|Win32
		{B0F26BF5-B4EC-4EBB-9404-32359FC81813}.Release|x64.ActiveCfg = Release|x64
		{B0F26BF5-B4EC-4EBB-9404-32359FC81813}.Release|x64.Build.0 = Release|x64
		{B0F26BF5-B4EC-4EBB-9404-32359FC81813}.Release|x86.ActiveCfg = Release|Win32
		{B0F26BF5-B4EC-4EBB-9404-32359FC81813}.Release|x86.Build.0 = Release|Win32
		{F86F1C40-2BF5-42FC-8212-194161E7116A}.Debug|x64.ActiveCfg = Debug|x64
		{F86F1C40-2BF5-42FC-8212-194161E7116A}.Debug|x64.Build.0 = Debug|x64
		{F86F1C40-2BF5-42FC-8212-194161E7116A}.Debug|x86.ActiveCfg = Debug|Win32
		{F86F1C40-2BF5-42FC-8212-194161E7116A}.Debug|x86.Build.0 = Debug|Win32
		{F86F1C40-2BF5-42FC-8212-194161E7116A}.Release|x64.ActiveCfg = Release|x64
		{F86F1C40-2BF5-42FC-8212-194161E7116A}.Release|x64.Build.0 = Release|x64
		{F86F1C40-2BF5-42FC-8212-194161E7116A}.Release|x86.ActiveCfg = Release|Win32
		{F86F1C40-2BF5-42FC-8212-194161E7116A}.Release|x86.Build.0 = Release|Win32
		{B56E3910-95BB-4527-9C4F-A7C74302085C}.Debug|x64.ActiveCfg = Debug|x64
		{B56E3910-95BB-4527-9C4F-A7C74302085C}.Debug|x64.Build.0 = Debug|x64
		{B56E3910-95BB-4527-9C4F-A7C74302085C}.Debug|x86.ActiveCfg = Debug|Win32
		{B56E3910-95BB-4527-9C4F-A7C74302085C}.Debug|x86.Build.0 = Debug|Win32
		{B56E3910-95BB-4527-9C4F-A7C74302085C}.Release|x64.ActiveCfg = Release|x64
		{B56E3910-95BB-4527-9C4F-A7C74302085C}.Release|x64.Build.0 = Release|x64
		{B56E3910-95BB-4527-9C4F-A7C74302085C}.Release|x86.ActiveCfg = Release|Win32
		{B56E3910-95BB-4527-9C4F-A7C74302085C}.Release|x86.Build.0 = Release|Win32
	EndGlobalSection
	GlobalSection(SolutionProperties) = preSolution
		HideSolutionNode = FALSE
	EndGlobalSection
	GlobalSection(ExtensibilityGlobals) = postSolution
		SolutionGuid = {E4C0EFF7-9DA2-4B64-869F-15C79DCA5005}
	EndGlobalSection
EndGlobal
